// !$*UTF8*$!
{
	archiveVersion = 1;
	classes = {
	};
	objectVersion = 50;
	objects = {

/* Begin PBXBuildFile section */
		18E080573406EF9D28E39C96 /* Pods_TestingDeveloper.framework in Frameworks */ = {isa = PBXBuildFile; fileRef = C7F63BFB95E13F0BCAD0851F /* Pods_TestingDeveloper.framework */; };
		9B6AAB8624AA3BDC00091B62 /* AppDelegate.swift in Sources */ = {isa = PBXBuildFile; fileRef = 9B6AAB8524AA3BDC00091B62 /* AppDelegate.swift */; };
		9B6AAB8824AA3BDC00091B62 /* SceneDelegate.swift in Sources */ = {isa = PBXBuildFile; fileRef = 9B6AAB8724AA3BDC00091B62 /* SceneDelegate.swift */; };
		9B6AAB8A24AA3BDC00091B62 /* ViewController.swift in Sources */ = {isa = PBXBuildFile; fileRef = 9B6AAB8924AA3BDC00091B62 /* ViewController.swift */; };
		9B6AAB8D24AA3BDC00091B62 /* Main.storyboard in Resources */ = {isa = PBXBuildFile; fileRef = 9B6AAB8B24AA3BDC00091B62 /* Main.storyboard */; };
		9B6AAB8F24AA3BE100091B62 /* Assets.xcassets in Resources */ = {isa = PBXBuildFile; fileRef = 9B6AAB8E24AA3BE100091B62 /* Assets.xcassets */; };
		9B6AAB9224AA3BE100091B62 /* LaunchScreen.storyboard in Resources */ = {isa = PBXBuildFile; fileRef = 9B6AAB9024AA3BE100091B62 /* LaunchScreen.storyboard */; };
/* End PBXBuildFile section */

/* Begin PBXFileReference section */
		5FF1F84E1D19ECA8CB4F7418 /* Pods-TestingDeveloper.release.xcconfig */ = {isa = PBXFileReference; includeInIndex = 1; lastKnownFileType = text.xcconfig; name = "Pods-TestingDeveloper.release.xcconfig"; path = "Target Support Files/Pods-TestingDeveloper/Pods-TestingDeveloper.release.xcconfig"; sourceTree = "<group>"; };
		736ED0CA534E43B89BE492B4 /* Pods-TestingDeveloper.debug.xcconfig */ = {isa = PBXFileReference; includeInIndex = 1; lastKnownFileType = text.xcconfig; name = "Pods-TestingDeveloper.debug.xcconfig"; path = "Target Support Files/Pods-TestingDeveloper/Pods-TestingDeveloper.debug.xcconfig"; sourceTree = "<group>"; };
		9B6AAB8224AA3BDC00091B62 /* TestingDeveloper.app */ = {isa = PBXFileReference; explicitFileType = wrapper.application; includeInIndex = 0; path = TestingDeveloper.app; sourceTree = BUILT_PRODUCTS_DIR; };
		9B6AAB8524AA3BDC00091B62 /* AppDelegate.swift */ = {isa = PBXFileReference; lastKnownFileType = sourcecode.swift; path = AppDelegate.swift; sourceTree = "<group>"; };
		9B6AAB8724AA3BDC00091B62 /* SceneDelegate.swift */ = {isa = PBXFileReference; lastKnownFileType = sourcecode.swift; path = SceneDelegate.swift; sourceTree = "<group>"; };
		9B6AAB8924AA3BDC00091B62 /* ViewController.swift */ = {isa = PBXFileReference; lastKnownFileType = sourcecode.swift; path = ViewController.swift; sourceTree = "<group>"; };
		9B6AAB8C24AA3BDC00091B62 /* Base */ = {isa = PBXFileReference; lastKnownFileType = file.storyboard; name = Base; path = Base.lproj/Main.storyboard; sourceTree = "<group>"; };
		9B6AAB8E24AA3BE100091B62 /* Assets.xcassets */ = {isa = PBXFileReference; lastKnownFileType = folder.assetcatalog; path = Assets.xcassets; sourceTree = "<group>"; };
		9B6AAB9124AA3BE100091B62 /* Base */ = {isa = PBXFileReference; lastKnownFileType = file.storyboard; name = Base; path = Base.lproj/LaunchScreen.storyboard; sourceTree = "<group>"; };
		9B6AAB9324AA3BE100091B62 /* Info.plist */ = {isa = PBXFileReference; lastKnownFileType = text.plist.xml; path = Info.plist; sourceTree = "<group>"; };
		C7F63BFB95E13F0BCAD0851F /* Pods_TestingDeveloper.framework */ = {isa = PBXFileReference; explicitFileType = wrapper.framework; includeInIndex = 0; path = Pods_TestingDeveloper.framework; sourceTree = BUILT_PRODUCTS_DIR; };
/* End PBXFileReference section */

/* Begin PBXFrameworksBuildPhase section */
		9B6AAB7F24AA3BDC00091B62 /* Frameworks */ = {
			isa = PBXFrameworksBuildPhase;
			buildActionMask = 2147483647;
			files = (
				18E080573406EF9D28E39C96 /* Pods_TestingDeveloper.framework in Frameworks */,
			);
			runOnlyForDeploymentPostprocessing = 0;
		};
/* End PBXFrameworksBuildPhase section */

/* Begin PBXGroup section */
		9B6AAB7924AA3BDC00091B62 = {
			isa = PBXGroup;
			children = (
				9B6AAB8424AA3BDC00091B62 /* TestingDeveloper */,
				9B6AAB8324AA3BDC00091B62 /* Products */,
				C75918294406A30E16B5D0A1 /* Pods */,
				D931561D8568F15E301F82B6 /* Frameworks */,
			);
			sourceTree = "<group>";
		};
		9B6AAB8324AA3BDC00091B62 /* Products */ = {
			isa = PBXGroup;
			children = (
				9B6AAB8224AA3BDC00091B62 /* TestingDeveloper.app */,
			);
			name = Products;
			sourceTree = "<group>";
		};
		9B6AAB8424AA3BDC00091B62 /* TestingDeveloper */ = {
			isa = PBXGroup;
			children = (
				9B6AAB8524AA3BDC00091B62 /* AppDelegate.swift */,
				9B6AAB8724AA3BDC00091B62 /* SceneDelegate.swift */,
				9B6AAB8924AA3BDC00091B62 /* ViewController.swift */,
				9B6AAB8B24AA3BDC00091B62 /* Main.storyboard */,
				9B6AAB8E24AA3BE100091B62 /* Assets.xcassets */,
				9B6AAB9024AA3BE100091B62 /* LaunchScreen.storyboard */,
				9B6AAB9324AA3BE100091B62 /* Info.plist */,
			);
			path = TestingDeveloper;
			sourceTree = "<group>";
		};
		C75918294406A30E16B5D0A1 /* Pods */ = {
			isa = PBXGroup;
			children = (
				736ED0CA534E43B89BE492B4 /* Pods-TestingDeveloper.debug.xcconfig */,
				5FF1F84E1D19ECA8CB4F7418 /* Pods-TestingDeveloper.release.xcconfig */,
			);
			name = Pods;
			path = Pods;
			sourceTree = "<group>";
		};
		D931561D8568F15E301F82B6 /* Frameworks */ = {
			isa = PBXGroup;
			children = (
				C7F63BFB95E13F0BCAD0851F /* Pods_TestingDeveloper.framework */,
			);
			name = Frameworks;
			sourceTree = "<group>";
		};
/* End PBXGroup section */

/* Begin PBXNativeTarget section */
		9B6AAB8124AA3BDC00091B62 /* TestingDeveloper */ = {
			isa = PBXNativeTarget;
			buildConfigurationList = 9B6AAB9624AA3BE100091B62 /* Build configuration list for PBXNativeTarget "TestingDeveloper" */;
			buildPhases = (
				D6286502168B2D8E4551C699 /* [CP] Check Pods Manifest.lock */,
				9B6AAB7E24AA3BDC00091B62 /* Sources */,
				9B6AAB7F24AA3BDC00091B62 /* Frameworks */,
				9B6AAB8024AA3BDC00091B62 /* Resources */,
			);
			buildRules = (
			);
			dependencies = (
			);
			name = TestingDeveloper;
			productName = TestingDeveloper;
			productReference = 9B6AAB8224AA3BDC00091B62 /* TestingDeveloper.app */;
			productType = "com.apple.product-type.application";
		};
/* End PBXNativeTarget section */

/* Begin PBXProject section */
		9B6AAB7A24AA3BDC00091B62 /* Project object */ = {
			isa = PBXProject;
			attributes = {
				LastSwiftUpdateCheck = 1120;
				LastUpgradeCheck = 1120;
				ORGANIZATIONNAME = techjini;
				TargetAttributes = {
					9B6AAB8124AA3BDC00091B62 = {
						CreatedOnToolsVersion = 11.2.1;
					};
				};
			};
			buildConfigurationList = 9B6AAB7D24AA3BDC00091B62 /* Build configuration list for PBXProject "TestingDeveloper" */;
			compatibilityVersion = "Xcode 9.3";
			developmentRegion = en;
			hasScannedForEncodings = 0;
			knownRegions = (
				en,
				Base,
			);
			mainGroup = 9B6AAB7924AA3BDC00091B62;
			productRefGroup = 9B6AAB8324AA3BDC00091B62 /* Products */;
			projectDirPath = "";
			projectRoot = "";
			targets = (
				9B6AAB8124AA3BDC00091B62 /* TestingDeveloper */,
			);
		};
/* End PBXProject section */

/* Begin PBXResourcesBuildPhase section */
		9B6AAB8024AA3BDC00091B62 /* Resources */ = {
			isa = PBXResourcesBuildPhase;
			buildActionMask = 2147483647;
			files = (
				9B6AAB9224AA3BE100091B62 /* LaunchScreen.storyboard in Resources */,
				9B6AAB8F24AA3BE100091B62 /* Assets.xcassets in Resources */,
				9B6AAB8D24AA3BDC00091B62 /* Main.storyboard in Resources */,
			);
			runOnlyForDeploymentPostprocessing = 0;
		};
/* End PBXResourcesBuildPhase section */

/* Begin PBXShellScriptBuildPhase section */
		D6286502168B2D8E4551C699 /* [CP] Check Pods Manifest.lock */ = {
			isa = PBXShellScriptBuildPhase;
			buildActionMask = 2147483647;
			files = (
			);
			inputFileListPaths = (
			);
			inputPaths = (
				"${PODS_PODFILE_DIR_PATH}/Podfile.lock",
				"${PODS_ROOT}/Manifest.lock",
			);
			name = "[CP] Check Pods Manifest.lock";
			outputFileListPaths = (
			);
			outputPaths = (
				"$(DERIVED_FILE_DIR)/Pods-TestingDeveloper-checkManifestLockResult.txt",
			);
			runOnlyForDeploymentPostprocessing = 0;
			shellPath = /bin/sh;
			shellScript = "diff \"${PODS_PODFILE_DIR_PATH}/Podfile.lock\" \"${PODS_ROOT}/Manifest.lock\" > /dev/null\nif [ $? != 0 ] ; then\n    # print error to STDERR\n    echo \"error: The sandbox is not in sync with the Podfile.lock. Run 'pod install' or update your CocoaPods installation.\" >&2\n    exit 1\nfi\n# This output is used by Xcode 'outputs' to avoid re-running this script phase.\necho \"SUCCESS\" > \"${SCRIPT_OUTPUT_FILE_0}\"\n";
			showEnvVarsInLog = 0;
		};
/* End PBXShellScriptBuildPhase section */

/* Begin PBXSourcesBuildPhase section */
		9B6AAB7E24AA3BDC00091B62 /* Sources */ = {
			isa = PBXSourcesBuildPhase;
			buildActionMask = 2147483647;
			files = (
				9B6AAB8A24AA3BDC00091B62 /* ViewController.swift in Sources */,
				9B6AAB8624AA3BDC00091B62 /* AppDelegate.swift in Sources */,
				9B6AAB8824AA3BDC00091B62 /* SceneDelegate.swift in Sources */,
			);
			runOnlyForDeploymentPostprocessing = 0;
		};
/* End PBXSourcesBuildPhase section */

/* Begin PBXVariantGroup section */
		9B6AAB8B24AA3BDC00091B62 /* Main.storyboard */ = {
			isa = PBXVariantGroup;
			children = (
				9B6AAB8C24AA3BDC00091B62 /* Base */,
			);
			name = Main.storyboard;
			sourceTree = "<group>";
		};
		9B6AAB9024AA3BE100091B62 /* LaunchScreen.storyboard */ = {
			isa = PBXVariantGroup;
			children = (
				9B6AAB9124AA3BE100091B62 /* Base */,
			);
			name = LaunchScreen.storyboard;
			sourceTree = "<group>";
		};
/* End PBXVariantGroup section */

/* Begin XCBuildConfiguration section */
		9B6AAB9424AA3BE100091B62 /* Debug */ = {
			isa = XCBuildConfiguration;
			buildSettings = {
				ALWAYS_SEARCH_USER_PATHS = NO;
				CLANG_ANALYZER_NONNULL = YES;
				CLANG_ANALYZER_NUMBER_OBJECT_CONVERSION = YES_AGGRESSIVE;
				CLANG_CXX_LANGUAGE_STANDARD = "gnu++14";
				CLANG_CXX_LIBRARY = "libc++";
				CLANG_ENABLE_MODULES = YES;
				CLANG_ENABLE_OBJC_ARC = YES;
				CLANG_ENABLE_OBJC_WEAK = YES;
				CLANG_WARN_BLOCK_CAPTURE_AUTORELEASING = YES;
				CLANG_WARN_BOOL_CONVERSION = YES;
				CLANG_WARN_COMMA = YES;
				CLANG_WARN_CONSTANT_CONVERSION = YES;
				CLANG_WARN_DEPRECATED_OBJC_IMPLEMENTATIONS = YES;
				CLANG_WARN_DIRECT_OBJC_ISA_USAGE = YES_ERROR;
				CLANG_WARN_DOCUMENTATION_COMMENTS = YES;
				CLANG_WARN_EMPTY_BODY = YES;
				CLANG_WARN_ENUM_CONVERSION = YES;
				CLANG_WARN_INFINITE_RECURSION = YES;
				CLANG_WARN_INT_CONVERSION = YES;
				CLANG_WARN_NON_LITERAL_NULL_CONVERSION = YES;
				CLANG_WARN_OBJC_IMPLICIT_RETAIN_SELF = YES;
				CLANG_WARN_OBJC_LITERAL_CONVERSION = YES;
				CLANG_WARN_OBJC_ROOT_CLASS = YES_ERROR;
				CLANG_WARN_RANGE_LOOP_ANALYSIS = YES;
				CLANG_WARN_STRICT_PROTOTYPES = YES;
				CLANG_WARN_SUSPICIOUS_MOVE = YES;
				CLANG_WARN_UNGUARDED_AVAILABILITY = YES_AGGRESSIVE;
				CLANG_WARN_UNREACHABLE_CODE = YES;
				CLANG_WARN__DUPLICATE_METHOD_MATCH = YES;
				COPY_PHASE_STRIP = NO;
				DEBUG_INFORMATION_FORMAT = dwarf;
				ENABLE_STRICT_OBJC_MSGSEND = YES;
				ENABLE_TESTABILITY = YES;
				GCC_C_LANGUAGE_STANDARD = gnu11;
				GCC_DYNAMIC_NO_PIC = NO;
				GCC_NO_COMMON_BLOCKS = YES;
				GCC_OPTIMIZATION_LEVEL = 0;
				GCC_PREPROCESSOR_DEFINITIONS = (
					"DEBUG=1",
					"$(inherited)",
				);
				GCC_WARN_64_TO_32_BIT_CONVERSION = YES;
				GCC_WARN_ABOUT_RETURN_TYPE = YES_ERROR;
				GCC_WARN_UNDECLARED_SELECTOR = YES;
				GCC_WARN_UNINITIALIZED_AUTOS = YES_AGGRESSIVE;
				GCC_WARN_UNUSED_FUNCTION = YES;
				GCC_WARN_UNUSED_VARIABLE = YES;
				IPHONEOS_DEPLOYMENT_TARGET = 13.2;
				MTL_ENABLE_DEBUG_INFO = INCLUDE_SOURCE;
				MTL_FAST_MATH = YES;
				ONLY_ACTIVE_ARCH = YES;
				SDKROOT = iphoneos;
				SWIFT_ACTIVE_COMPILATION_CONDITIONS = DEBUG;
				SWIFT_OPTIMIZATION_LEVEL = "-Onone";
			};
			name = Debug;
		};
		9B6AAB9524AA3BE100091B62 /* Release */ = {
			isa = XCBuildConfiguration;
			buildSettings = {
				ALWAYS_SEARCH_USER_PATHS = NO;
				CLANG_ANALYZER_NONNULL = YES;
				CLANG_ANALYZER_NUMBER_OBJECT_CONVERSION = YES_AGGRESSIVE;
				CLANG_CXX_LANGUAGE_STANDARD = "gnu++14";
				CLANG_CXX_LIBRARY = "libc++";
				CLANG_ENABLE_MODULES = YES;
				CLANG_ENABLE_OBJC_ARC = YES;
				CLANG_ENABLE_OBJC_WEAK = YES;
				CLANG_WARN_BLOCK_CAPTURE_AUTORELEASING = YES;
				CLANG_WARN_BOOL_CONVERSION = YES;
				CLANG_WARN_COMMA = YES;
				CLANG_WARN_CONSTANT_CONVERSION = YES;
				CLANG_WARN_DEPRECATED_OBJC_IMPLEMENTATIONS = YES;
				CLANG_WARN_DIRECT_OBJC_ISA_USAGE = YES_ERROR;
				CLANG_WARN_DOCUMENTATION_COMMENTS = YES;
				CLANG_WARN_EMPTY_BODY = YES;
				CLANG_WARN_ENUM_CONVERSION = YES;
				CLANG_WARN_INFINITE_RECURSION = YES;
				CLANG_WARN_INT_CONVERSION = YES;
				CLANG_WARN_NON_LITERAL_NULL_CONVERSION = YES;
				CLANG_WARN_OBJC_IMPLICIT_RETAIN_SELF = YES;
				CLANG_WARN_OBJC_LITERAL_CONVERSION = YES;
				CLANG_WARN_OBJC_ROOT_CLASS = YES_ERROR;
				CLANG_WARN_RANGE_LOOP_ANALYSIS = YES;
				CLANG_WARN_STRICT_PROTOTYPES = YES;
				CLANG_WARN_SUSPICIOUS_MOVE = YES;
				CLANG_WARN_UNGUARDED_AVAILABILITY = YES_AGGRESSIVE;
				CLANG_WARN_UNREACHABLE_CODE = YES;
				CLANG_WARN__DUPLICATE_METHOD_MATCH = YES;
				COPY_PHASE_STRIP = NO;
				DEBUG_INFORMATION_FORMAT = "dwarf-with-dsym";
				ENABLE_NS_ASSERTIONS = NO;
				ENABLE_STRICT_OBJC_MSGSEND = YES;
				GCC_C_LANGUAGE_STANDARD = gnu11;
				GCC_NO_COMMON_BLOCKS = YES;
				GCC_WARN_64_TO_32_BIT_CONVERSION = YES;
				GCC_WARN_ABOUT_RETURN_TYPE = YES_ERROR;
				GCC_WARN_UNDECLARED_SELECTOR = YES;
				GCC_WARN_UNINITIALIZED_AUTOS = YES_AGGRESSIVE;
				GCC_WARN_UNUSED_FUNCTION = YES;
				GCC_WARN_UNUSED_VARIABLE = YES;
				IPHONEOS_DEPLOYMENT_TARGET = 13.2;
				MTL_ENABLE_DEBUG_INFO = NO;
				MTL_FAST_MATH = YES;
				SDKROOT = iphoneos;
				SWIFT_COMPILATION_MODE = wholemodule;
				SWIFT_OPTIMIZATION_LEVEL = "-O";
				VALIDATE_PRODUCT = YES;
			};
			name = Release;
		};
		9B6AAB9724AA3BE100091B62 /* Debug */ = {
			isa = XCBuildConfiguration;
			baseConfigurationReference = 736ED0CA534E43B89BE492B4 /* Pods-TestingDeveloper.debug.xcconfig */;
			buildSettings = {
				ASSETCATALOG_COMPILER_APPICON_NAME = AppIcon;
				CODE_SIGN_STYLE = Automatic;
				DEVELOPMENT_TEAM = B4S3JN5XFF;
				INFOPLIST_FILE = TestingDeveloper/Info.plist;
				LD_RUNPATH_SEARCH_PATHS = (
					"$(inherited)",
					"@executable_path/Frameworks",
				);
				PRODUCT_BUNDLE_IDENTIFIER = techjini.TestingDeveloper;
				PRODUCT_NAME = "$(TARGET_NAME)";
				SWIFT_VERSION = 5.0;
				TARGETED_DEVICE_FAMILY = "1,2";
			};
			name = Debug;
		};
		9B6AAB9824AA3BE100091B62 /* Release */ = {
			isa = XCBuildConfiguration;
			baseConfigurationReference = 5FF1F84E1D19ECA8CB4F7418 /* Pods-TestingDeveloper.release.xcconfig */;
			buildSettings = {
				ASSETCATALOG_COMPILER_APPICON_NAME = AppIcon;
				CODE_SIGN_STYLE = Automatic;
				DEVELOPMENT_TEAM = B4S3JN5XFF;
				INFOPLIST_FILE = TestingDeveloper/Info.plist;
				LD_RUNPATH_SEARCH_PATHS = (
					"$(inherited)",
					"@executable_path/Frameworks",
				);
				PRODUCT_BUNDLE_IDENTIFIER = techjini.TestingDeveloper;
				PRODUCT_NAME = "$(TARGET_NAME)";
				SWIFT_VERSION = 5.0;
				TARGETED_DEVICE_FAMILY = "1,2";
			};
			name = Release;
		};
/* End XCBuildConfiguration section */

/* Begin XCConfigurationList section */
		9B6AAB7D24AA3BDC00091B62 /* Build configuration list for PBXProject "TestingDeveloper" */ = {
			isa = XCConfigurationList;
			buildConfigurations = (
				9B6AAB9424AA3BE100091B62 /* Debug */,
				9B6AAB9524AA3BE100091B62 /* Release */,
			);
			defaultConfigurationIsVisible = 0;
			defaultConfigurationName = Release;
		};
		9B6AAB9624AA3BE100091B62 /* Build configuration list for PBXNativeTarget "TestingDeveloper" */ = {
			isa = XCConfigurationList;
			buildConfigurations = (
				9B6AAB9724AA3BE100091B62 /* Debug */,
				9B6AAB9824AA3BE100091B62 /* Release */,
			);
			defaultConfigurationIsVisible = 0;
			defaultConfigurationName = Release;
		};
/* End XCConfigurationList section */
	};
	rootObject = 9B6AAB7A24AA3BDC00091B62 /* Project object */;
}
